
Microsoft Visual Studio Solution File, Format Version 12.00
# Visual Studio 2012
Project("{FAE04EC0-301F-11D3-BF4B-00C04F79EFBC}") = "AutoPilot", "AutoPilot\AutoPilot.csproj", "{FA9A0819-D24F-4A3E-88B5-7BF236D94E1A}"
EndProject
Global
	GlobalSection(SolutionConfigurationPlatforms) = preSolution
		Debug|Any CPU = Debug|Any CPU
		Release|Any CPU = Release|Any CPU
	EndGlobalSection
	GlobalSection(ProjectConfigurationPlatforms) = postSolution
		{FA9A0819-D24F-4A3E-88B5-7BF236D94E1A}.Debug|Any CPU.ActiveCfg = Debug|Any CPU
		{FA9A0819-D24F-4A3E-88B5-7BF236D94E1A}.Debug|Any CPU.Build.0 = Debug|Any CPU
		{FA9A0819-D24F-4A3E-88B5-7BF236D94E1A}.Release|Any CPU.ActiveCfg = Release|Any CPU
		{FA9A0819-D24F-4A3E-88B5-7BF236D94E1A}.Release|Any CPU.Build.0 = Release|Any CPU
	EndGlobalSection
	GlobalSection(MonoDevelopProperties) = preSolution
		StartupItem = AutoPilot\AutoPilot.csproj
	EndGlobalSection
EndGlobal
